// !$*UTF8*$!
{
	archiveVersion = 1;
	classes = {
	};
	objectVersion = 46;
	objects = {

/* Begin PBXBuildFile section */
		C367B9F91ADE94FE00695327 /* AppDelegate.swift in Sources */ = {isa = PBXBuildFile; fileRef = C367B9F81ADE94FE00695327 /* AppDelegate.swift */; };
		C367B9FB1ADE94FE00695327 /* ViewController.swift in Sources */ = {isa = PBXBuildFile; fileRef = C367B9FA1ADE94FE00695327 /* ViewController.swift */; };
		C367B9FE1ADE94FE00695327 /* Main.storyboard in Resources */ = {isa = PBXBuildFile; fileRef = C367B9FC1ADE94FE00695327 /* Main.storyboard */; };
		C367BA001ADE94FE00695327 /* Images.xcassets in Resources */ = {isa = PBXBuildFile; fileRef = C367B9FF1ADE94FE00695327 /* Images.xcassets */; };
		C367BA031ADE94FE00695327 /* LaunchScreen.xib in Resources */ = {isa = PBXBuildFile; fileRef = C367BA011ADE94FE00695327 /* LaunchScreen.xib */; };
		C367BA0F1ADE94FE00695327 /* projectofawesomeTests.swift in Sources */ = {isa = PBXBuildFile; fileRef = C367BA0E1ADE94FE00695327 /* projectofawesomeTests.swift */; };
/* End PBXBuildFile section */

/* Begin PBXContainerItemProxy section */
		C367BA091ADE94FE00695327 /* PBXContainerItemProxy */ = {
			isa = PBXContainerItemProxy;
			containerPortal = C367B9EB1ADE94FE00695327 /* Project object */;
			proxyType = 1;
			remoteGlobalIDString = C367B9F21ADE94FE00695327;
			remoteInfo = projectofawesome;
		};
/* End PBXContainerItemProxy section */

/* Begin PBXFileReference section */
		C367B9F31ADE94FE00695327 /* projectofawesome.app */ = {isa = PBXFileReference; explicitFileType = wrapper.application; includeInIndex = 0; path = projectofawesome.app; sourceTree = BUILT_PRODUCTS_DIR; };
		C367B9F71ADE94FE00695327 /* Info.plist */ = {isa = PBXFileReference; lastKnownFileType = text.plist.xml; path = Info.plist; sourceTree = "<group>"; };
		C367B9F81ADE94FE00695327 /* AppDelegate.swift */ = {isa = PBXFileReference; lastKnownFileType = sourcecode.swift; path = AppDelegate.swift; sourceTree = "<group>"; };
		C367B9FA1ADE94FE00695327 /* ViewController.swift */ = {isa = PBXFileReference; lastKnownFileType = sourcecode.swift; path = ViewController.swift; sourceTree = "<group>"; };
		C367B9FD1ADE94FE00695327 /* Base */ = {isa = PBXFileReference; lastKnownFileType = file.storyboard; name = Base; path = Base.lproj/Main.storyboard; sourceTree = "<group>"; };
		C367B9FF1ADE94FE00695327 /* Images.xcassets */ = {isa = PBXFileReference; lastKnownFileType = folder.assetcatalog; path = Images.xcassets; sourceTree = "<group>"; };
		C367BA021ADE94FE00695327 /* Base */ = {isa = PBXFileReference; lastKnownFileType = file.xib; name = Base; path = Base.lproj/LaunchScreen.xib; sourceTree = "<group>"; };
		C367BA081ADE94FE00695327 /* projectofawesomeTests.xctest */ = {isa = PBXFileReference; explicitFileType = wrapper.cfbundle; includeInIndex = 0; path = projectofawesomeTests.xctest; sourceTree = BUILT_PRODUCTS_DIR; };
		C367BA0D1ADE94FE00695327 /* Info.plist */ = {isa = PBXFileReference; lastKnownFileType = text.plist.xml; path = Info.plist; sourceTree = "<group>"; };
		C367BA0E1ADE94FE00695327 /* projectofawesomeTests.swift */ = {isa = PBXFileReference; lastKnownFileType = sourcecode.swift; path = projectofawesomeTests.swift; sourceTree = "<group>"; };
/* End PBXFileReference section */

/* Begin PBXFrameworksBuildPhase section */
		C367B9F01ADE94FE00695327 /* Frameworks */ = {
			isa = PBXFrameworksBuildPhase;
			buildActionMask = 2147483647;
			files = (
			);
			runOnlyForDeploymentPostprocessing = 0;
		};
		C367BA051ADE94FE00695327 /* Frameworks */ = {
			isa = PBXFrameworksBuildPhase;
			buildActionMask = 2147483647;
			files = (
			);
			runOnlyForDeploymentPostprocessing = 0;
		};
/* End PBXFrameworksBuildPhase section */

/* Begin PBXGroup section */
		C367B9EA1ADE94FE00695327 = {
			isa = PBXGroup;
			children = (
				C367B9F51ADE94FE00695327 /* projectofawesome */,
				C367BA0B1ADE94FE00695327 /* projectofawesomeTests */,
				C367B9F41ADE94FE00695327 /* Products */,
			);
			sourceTree = "<group>";
		};
		C367B9F41ADE94FE00695327 /* Products */ = {
			isa = PBXGroup;
			children = (
				C367B9F31ADE94FE00695327 /* projectofawesome.app */,
				C367BA081ADE94FE00695327 /* projectofawesomeTests.xctest */,
			);
			name = Products;
			sourceTree = "<group>";
		};
		C367B9F51ADE94FE00695327 /* projectofawesome */ = {
			isa = PBXGroup;
			children = (
				C367B9F81ADE94FE00695327 /* AppDelegate.swift */,
				C367B9FA1ADE94FE00695327 /* ViewController.swift */,
				C367B9FC1ADE94FE00695327 /* Main.storyboard */,
				C367B9FF1ADE94FE00695327 /* Images.xcassets */,
				C367BA011ADE94FE00695327 /* LaunchScreen.xib */,
				C367B9F61ADE94FE00695327 /* Supporting Files */,
			);
			path = projectofawesome;
			sourceTree = "<group>";
		};
		C367B9F61ADE94FE00695327 /* Supporting Files */ = {
			isa = PBXGroup;
			children = (
				C367B9F71ADE94FE00695327 /* Info.plist */,
			);
			name = "Supporting Files";
			sourceTree = "<group>";
		};
		C367BA0B1ADE94FE00695327 /* projectofawesomeTests */ = {
			isa = PBXGroup;
			children = (
				C367BA0E1ADE94FE00695327 /* projectofawesomeTests.swift */,
				C367BA0C1ADE94FE00695327 /* Supporting Files */,
			);
			path = projectofawesomeTests;
			sourceTree = "<group>";
		};
		C367BA0C1ADE94FE00695327 /* Supporting Files */ = {
			isa = PBXGroup;
			children = (
				C367BA0D1ADE94FE00695327 /* Info.plist */,
			);
			name = "Supporting Files";
			sourceTree = "<group>";
		};
/* End PBXGroup section */

/* Begin PBXNativeTarget section */
		C367B9F21ADE94FE00695327 /* projectofawesome */ = {
			isa = PBXNativeTarget;
			buildConfigurationList = C367BA121ADE94FE00695327 /* Build configuration list for PBXNativeTarget "projectofawesome" */;
			buildPhases = (
				C367B9EF1ADE94FE00695327 /* Sources */,
				C367B9F01ADE94FE00695327 /* Frameworks */,
				C367B9F11ADE94FE00695327 /* Resources */,
			);
			buildRules = (
			);
			dependencies = (
			);
			name = projectofawesome;
			productName = projectofawesome;
			productReference = C367B9F31ADE94FE00695327 /* projectofawesome.app */;
			productType = "com.apple.product-type.application";
		};
		C367BA071ADE94FE00695327 /* projectofawesomeTests */ = {
			isa = PBXNativeTarget;
			buildConfigurationList = C367BA151ADE94FE00695327 /* Build configuration list for PBXNativeTarget "projectofawesomeTests" */;
			buildPhases = (
				C367BA041ADE94FE00695327 /* Sources */,
				C367BA051ADE94FE00695327 /* Frameworks */,
				C367BA061ADE94FE00695327 /* Resources */,
			);
			buildRules = (
			);
			dependencies = (
				C367BA0A1ADE94FE00695327 /* PBXTargetDependency */,
			);
			name = projectofawesomeTests;
			productName = projectofawesomeTests;
			productReference = C367BA081ADE94FE00695327 /* projectofawesomeTests.xctest */;
			productType = "com.apple.product-type.bundle.unit-test";
		};
/* End PBXNativeTarget section */

/* Begin PBXProject section */
		C367B9EB1ADE94FE00695327 /* Project object */ = {
			isa = PBXProject;
			attributes = {
				LastUpgradeCheck = 0630;
				ORGANIZATIONNAME = "Timothy T Hagood";
				TargetAttributes = {
					C367B9F21ADE94FE00695327 = {
						CreatedOnToolsVersion = 6.3;
					};
					C367BA071ADE94FE00695327 = {
						CreatedOnToolsVersion = 6.3;
						TestTargetID = C367B9F21ADE94FE00695327;
					};
				};
			};
			buildConfigurationList = C367B9EE1ADE94FE00695327 /* Build configuration list for PBXProject "projectofawesome" */;
			compatibilityVersion = "Xcode 3.2";
			developmentRegion = English;
			hasScannedForEncodings = 0;
			knownRegions = (
				en,
				Base,
			);
			mainGroup = C367B9EA1ADE94FE00695327;
			productRefGroup = C367B9F41ADE94FE00695327 /* Products */;
			projectDirPath = "";
			projectRoot = "";
			targets = (
				C367B9F21ADE94FE00695327 /* projectofawesome */,
				C367BA071ADE94FE00695327 /* projectofawesomeTests */,
			);
		};
/* End PBXProject section */

/* Begin PBXResourcesBuildPhase section */
		C367B9F11ADE94FE00695327 /* Resources */ = {
			isa = PBXResourcesBuildPhase;
			buildActionMask = 2147483647;
			files = (
				C367B9FE1ADE94FE00695327 /* Main.storyboard in Resources */,
				C367BA031ADE94FE00695327 /* LaunchScreen.xib in Resources */,
				C367BA001ADE94FE00695327 /* Images.xcassets in Resources */,
			);
			runOnlyForDeploymentPostprocessing = 0;
		};
		C367BA061ADE94FE00695327 /* Resources */ = {
			isa = PBXResourcesBuildPhase;
			buildActionMask = 2147483647;
			files = (
			);
			runOnlyForDeploymentPostprocessing = 0;
		};
/* End PBXResourcesBuildPhase section */

/* Begin PBXSourcesBuildPhase section */
		C367B9EF1ADE94FE00695327 /* Sources */ = {
			isa = PBXSourcesBuildPhase;
			buildActionMask = 2147483647;
			files = (
				C367B9FB1ADE94FE00695327 /* ViewController.swift in Sources */,
				C367B9F91ADE94FE00695327 /* AppDelegate.swift in Sources */,
			);
			runOnlyForDeploymentPostprocessing = 0;
		};
		C367BA041ADE94FE00695327 /* Sources */ = {
			isa = PBXSourcesBuildPhase;
			buildActionMask = 2147483647;
			files = (
				C367BA0F1ADE94FE00695327 /* projectofawesomeTests.swift in Sources */,
			);
			runOnlyForDeploymentPostprocessing = 0;
		};
/* End PBXSourcesBuildPhase section */

/* Begin PBXTargetDependency section */
		C367BA0A1ADE94FE00695327 /* PBXTargetDependency */ = {
			isa = PBXTargetDependency;
			target = C367B9F21ADE94FE00695327 /* projectofawesome */;
			targetProxy = C367BA091ADE94FE00695327 /* PBXContainerItemProxy */;
		};
/* End PBXTargetDependency section */

/* Begin PBXVariantGroup section */
		C367B9FC1ADE94FE00695327 /* Main.storyboard */ = {
			isa = PBXVariantGroup;
			children = (
				C367B9FD1ADE94FE00695327 /* Base */,
			);
			name = Main.storyboard;
			sourceTree = "<group>";
		};
		C367BA011ADE94FE00695327 /* LaunchScreen.xib */ = {
			isa = PBXVariantGroup;
			children = (
				C367BA021ADE94FE00695327 /* Base */,
			);
			name = LaunchScreen.xib;
			sourceTree = "<group>";
		};
/* End PBXVariantGroup section */

/* Begin XCBuildConfiguration section */
		C367BA101ADE94FE00695327 /* Debug */ = {
			isa = XCBuildConfiguration;
			buildSettings = {
				ALWAYS_SEARCH_USER_PATHS = NO;
				CLANG_CXX_LANGUAGE_STANDARD = "gnu++0x";
				CLANG_CXX_LIBRARY = "libc++";
				CLANG_ENABLE_MODULES = YES;
				CLANG_ENABLE_OBJC_ARC = YES;
				CLANG_WARN_BOOL_CONVERSION = YES;
				CLANG_WARN_CONSTANT_CONVERSION = YES;
				CLANG_WARN_DIRECT_OBJC_ISA_USAGE = YES_ERROR;
				CLANG_WARN_EMPTY_BODY = YES;
				CLANG_WARN_ENUM_CONVERSION = YES;
				CLANG_WARN_INT_CONVERSION = YES;
				CLANG_WARN_OBJC_ROOT_CLASS = YES_ERROR;
				CLANG_WARN_UNREACHABLE_CODE = YES;
				CLANG_WARN__DUPLICATE_METHOD_MATCH = YES;
				"CODE_SIGN_IDENTITY[sdk=iphoneos*]" = "iPhone Developer";
				COPY_PHASE_STRIP = NO;
				DEBUG_INFORMATION_FORMAT = "dwarf-with-dsym";
				ENABLE_STRICT_OBJC_MSGSEND = YES;
				GCC_C_LANGUAGE_STANDARD = gnu99;
				GCC_DYNAMIC_NO_PIC = NO;
				GCC_NO_COMMON_BLOCKS = YES;
				GCC_OPTIMIZATION_LEVEL = 0;
				GCC_PREPROCESSOR_DEFINITIONS = (
					"DEBUG=1",
					"$(inherited)",
				);
				GCC_SYMBOLS_PRIVATE_EXTERN = NO;
				GCC_WARN_64_TO_32_BIT_CONVERSION = YES;
				GCC_WARN_ABOUT_RETURN_TYPE = YES_ERROR;
				GCC_WARN_UNDECLARED_SELECTOR = YES;
				GCC_WARN_UNINITIALIZED_AUTOS = YES_AGGRESSIVE;
				GCC_WARN_UNUSED_FUNCTION = YES;
				GCC_WARN_UNUSED_VARIABLE = YES;
				IPHONEOS_DEPLOYMENT_TARGET = 8.3;
				MTL_ENABLE_DEBUG_INFO = YES;
				ONLY_ACTIVE_ARCH = YES;
				SDKROOT = iphoneos;
				SWIFT_OPTIMIZATION_LEVEL = "-Onone";
			};
			name = Debug;
		};
		C367BA111ADE94FE00695327 /* Release */ = {
			isa = XCBuildConfiguration;
			buildSettings = {
				ALWAYS_SEARCH_USER_PATHS = NO;
				CLANG_CXX_LANGUAGE_STANDARD = "gnu++0x";
				CLANG_CXX_LIBRARY = "libc++";
				CLANG_ENABLE_MODULES = YES;
				CLANG_ENABLE_OBJC_ARC = YES;
				CLANG_WARN_BOOL_CONVERSION = YES;
				CLANG_WARN_CONSTANT_CONVERSION = YES;
				CLANG_WARN_DIRECT_OBJC_ISA_USAGE = YES_ERROR;
				CLANG_WARN_EMPTY_BODY = YES;
				CLANG_WARN_ENUM_CONVERSION = YES;
				CLANG_WARN_INT_CONVERSION = YES;
				CLANG_WARN_OBJC_ROOT_CLASS = YES_ERROR;
				CLANG_WARN_UNREACHABLE_CODE = YES;
				CLANG_WARN__DUPLICATE_METHOD_MATCH = YES;
				"CODE_SIGN_IDENTITY[sdk=iphoneos*]" = "iPhone Developer";
				COPY_PHASE_STRIP = NO;
				DEBUG_INFORMATION_FORMAT = "dwarf-with-dsym";
				ENABLE_NS_ASSERTIONS = NO;
				ENABLE_STRICT_OBJC_MSGSEND = YES;
				GCC_C_LANGUAGE_STANDARD = gnu99;
				GCC_NO_COMMON_BLOCKS = YES;
				GCC_WARN_64_TO_32_BIT_CONVERSION = YES;
				GCC_WARN_ABOUT_RETURN_TYPE = YES_ERROR;
				GCC_WARN_UNDECLARED_SELECTOR = YES;
				GCC_WARN_UNINITIALIZED_AUTOS = YES_AGGRESSIVE;
				GCC_WARN_UNUSED_FUNCTION = YES;
				GCC_WARN_UNUSED_VARIABLE = YES;
				IPHONEOS_DEPLOYMENT_TARGET = 8.3;
				MTL_ENABLE_DEBUG_INFO = NO;
				SDKROOT = iphoneos;
				VALIDATE_PRODUCT = YES;
			};
			name = Release;
		};
		C367BA131ADE94FE00695327 /* Debug */ = {
			isa = XCBuildConfiguration;
			buildSettings = {
				ASSETCATALOG_COMPILER_APPICON_NAME = AppIcon;
				INFOPLIST_FILE = projectofawesome/Info.plist;
				LD_RUNPATH_SEARCH_PATHS = "$(inherited) @executable_path/Frameworks";
				PRODUCT_NAME = "$(TARGET_NAME)";
			};
			name = Debug;
		};
		C367BA141ADE94FE00695327 /* Release */ = {
			isa = XCBuildConfiguration;
			buildSettings = {
				ASSETCATALOG_COMPILER_APPICON_NAME = AppIcon;
				INFOPLIST_FILE = projectofawesome/Info.plist;
				LD_RUNPATH_SEARCH_PATHS = "$(inherited) @executable_path/Frameworks";
				PRODUCT_NAME = "$(TARGET_NAME)";
			};
			name = Release;
		};
		C367BA161ADE94FE00695327 /* Debug */ = {
			isa = XCBuildConfiguration;
			buildSettings = {
				BUNDLE_LOADER = "$(TEST_HOST)";
				FRAMEWORK_SEARCH_PATHS = (
					"$(SDKROOT)/Developer/Library/Frameworks",
					"$(inherited)",
				);
				GCC_PREPROCESSOR_DEFINITIONS = (
					"DEBUG=1",
					"$(inherited)",
				);
				INFOPLIST_FILE = projectofawesomeTests/Info.plist;
				LD_RUNPATH_SEARCH_PATHS = "$(inherited) @executable_path/Frameworks @loader_path/Frameworks";
				PRODUCT_NAME = "$(TARGET_NAME)";
				TEST_HOST = "$(BUILT_PRODUCTS_DIR)/projectofawesome.app/projectofawesome";
			};
			name = Debug;
		};
		C367BA171ADE94FE00695327 /* Release */ = {
			isa = XCBuildConfiguration;
			buildSettings = {
				BUNDLE_LOADER = "$(TEST_HOST)";
				FRAMEWORK_SEARCH_PATHS = (
					"$(SDKROOT)/Developer/Library/Frameworks",
					"$(inherited)",
				);
				INFOPLIST_FILE = projectofawesomeTests/Info.plist;
				LD_RUNPATH_SEARCH_PATHS = "$(inherited) @executable_path/Frameworks @loader_path/Frameworks";
				PRODUCT_NAME = "$(TARGET_NAME)";
				TEST_HOST = "$(BUILT_PRODUCTS_DIR)/projectofawesome.app/projectofawesome";
			};
			name = Release;
		};
/* End XCBuildConfiguration section */

/* Begin XCConfigurationList section */
		C367B9EE1ADE94FE00695327 /* Build configuration list for PBXProject "projectofawesome" */ = {
			isa = XCConfigurationList;
			buildConfigurations = (
				C367BA101ADE94FE00695327 /* Debug */,
				C367BA111ADE94FE00695327 /* Release */,
			);
			defaultConfigurationIsVisible = 0;
			defaultConfigurationName = Release;
		};
		C367BA121ADE94FE00695327 /* Build configuration list for PBXNativeTarget "projectofawesome" */ = {
			isa = XCConfigurationList;
			buildConfigurations = (
				C367BA131ADE94FE00695327 /* Debug */,
				C367BA141ADE94FE00695327 /* Release */,
			);
			defaultConfigurationIsVisible = 0;
		};
		C367BA151ADE94FE00695327 /* Build configuration list for PBXNativeTarget "projectofawesomeTests" */ = {
			isa = XCConfigurationList;
			buildConfigurations = (
				C367BA161ADE94FE00695327 /* Debug */,
				C367BA171ADE94FE00695327 /* Release */,
			);
			defaultConfigurationIsVisible = 0;
		};
/* End XCConfigurationList section */
	};
	rootObject = C367B9EB1ADE94FE00695327 /* Project object */;
}
